
Microsoft Visual Studio Solution File, Format Version 12.00
# Visual Studio 15
VisualStudioVersion = 15.0.28010.0
MinimumVisualStudioVersion = 10.0.40219.1
Project("{8BC9CEB8-8B4A-11D0-8D11-00A0C91BC942}") = "Proyecto", "Proyecto\Proyecto.vcxproj", "{BC875398-E681-4B5B-8D8C-7BDF8D54BD3B}"
EndProject
Global
	GlobalSection(SolutionConfigurationPlatforms) = preSolution
		Debug|x64 = Debug|x64
		Debug|x86 = Debug|x86
		Release|x64 = Release|x64
		Release|x86 = Release|x86
	EndGlobalSection
	GlobalSection(ProjectConfigurationPlatforms) = postSolution
		{BC875398-E681-4B5B-8D8C-7BDF8D54BD3B}.Debug|x64.ActiveCfg = Debug|x64
		{BC875398-E681-4B5B-8D8C-7BDF8D54BD3B}.Debug|x64.Build.0 = Debug|x64
		{BC875398-E681-4B5B-8D8C-7BDF8D54BD3B}.Debug|x86.ActiveCfg = Debug|Win32
		{BC875398-E681-4B5B-8D8C-7BDF8D54BD3B}.Debug|x86.Build.0 = Debug|Win32
		{BC875398-E681-4B5B-8D8C-7BDF8D54BD3B}.Release|x64.ActiveCfg = Release|x64
		{BC875398-E681-4B5B-8D8C-7BDF8D54BD3B}.Release|x64.Build.0 = Release|x64
		{BC875398-E681-4B5B-8D8C-7BDF8D54BD3B}.Release|x86.ActiveCfg = Release|Win32
		{BC875398-E681-4B5B-8D8C-7BDF8D54BD3B}.Release|x86.Build.0 = Release|Win32
	EndGlobalSection
	GlobalSection(SolutionProperties) = preSolution
		HideSolutionNode = FALSE
	EndGlobalSection
	GlobalSection(ExtensibilityGlobals) = postSolution
		SolutionGuid = {22A9C5EB-0A8B-4FDA-84D7-6A633D146257}
	EndGlobalSection
EndGlobal
